
Microsoft Visual Studio Solution File, Format Version 12.00
# Visual Studio Version 16
VisualStudioVersion = 16.0.32228.343
MinimumVisualStudioVersion = 10.0.40219.1
Project("{9A19103F-16F7-4668-BE54-9A1E7A4F7556}") = "PortalStore", "PortalStore\PortalStore.csproj", "{49E656AA-2AA9-4E0C-AF29-05F225DBB3D7}"
EndProject
Project("{9A19103F-16F7-4668-BE54-9A1E7A4F7556}") = "BusinessLayer", "BusinessLayer\BusinessLayer.csproj", "{5EEAE456-5F8A-447F-90DF-866D469A2E48}"
EndProject
Project("{9A19103F-16F7-4668-BE54-9A1E7A4F7556}") = "DataAccessLayer", "DataAccessLayer\DataAccessLayer.csproj", "{BB148AED-B012-4CEE-90EE-7689A1D91C61}"
EndProject
Project("{9A19103F-16F7-4668-BE54-9A1E7A4F7556}") = "EntityLayer", "EntityLayer\EntityLayer.csproj", "{0C994C95-C035-4FDA-8C2F-C0E2F068A85D}"
EndProject
Project("{FAE04EC0-301F-11D3-BF4B-00C04F79EFBC}") = "Api_PortalStore", "Api_PortalStore\Api_PortalStore.csproj", "{E5034326-A82C-4B53-85EF-6129E6CF7372}"
EndProject
Global
	GlobalSection(SolutionConfigurationPlatforms) = preSolution
		Debug|Any CPU = Debug|Any CPU
		Release|Any CPU = Release|Any CPU
	EndGlobalSection
	GlobalSection(ProjectConfigurationPlatforms) = postSolution
		{49E656AA-2AA9-4E0C-AF29-05F225DBB3D7}.Debug|Any CPU.ActiveCfg = Debug|Any CPU
		{49E656AA-2AA9-4E0C-AF29-05F225DBB3D7}.Debug|Any CPU.Build.0 = Debug|Any CPU
		{49E656AA-2AA9-4E0C-AF29-05F225DBB3D7}.Release|Any CPU.ActiveCfg = Release|Any CPU
		{49E656AA-2AA9-4E0C-AF29-05F225DBB3D7}.Release|Any CPU.Build.0 = Release|Any CPU
		{5EEAE456-5F8A-447F-90DF-866D469A2E48}.Debug|Any CPU.ActiveCfg = Debug|Any CPU
		{5EEAE456-5F8A-447F-90DF-866D469A2E48}.Debug|Any CPU.Build.0 = Debug|Any CPU
		{5EEAE456-5F8A-447F-90DF-866D469A2E48}.Release|Any CPU.ActiveCfg = Release|Any CPU
		{5EEAE456-5F8A-447F-90DF-866D469A2E48}.Release|Any CPU.Build.0 = Release|Any CPU
		{BB148AED-B012-4CEE-90EE-7689A1D91C61}.Debug|Any CPU.ActiveCfg = Debug|Any CPU
		{BB148AED-B012-4CEE-90EE-7689A1D91C61}.Debug|Any CPU.Build.0 = Debug|Any CPU
		{BB148AED-B012-4CEE-90EE-7689A1D91C61}.Release|Any CPU.ActiveCfg = Release|Any CPU
		{BB148AED-B012-4CEE-90EE-7689A1D91C61}.Release|Any CPU.Build.0 = Release|Any CPU
		{0C994C95-C035-4FDA-8C2F-C0E2F068A85D}.Debug|Any CPU.ActiveCfg = Debug|Any CPU
		{0C994C95-C035-4FDA-8C2F-C0E2F068A85D}.Debug|Any CPU.Build.0 = Debug|Any CPU
		{0C994C95-C035-4FDA-8C2F-C0E2F068A85D}.Release|Any CPU.ActiveCfg = Release|Any CPU
		{0C994C95-C035-4FDA-8C2F-C0E2F068A85D}.Release|Any CPU.Build.0 = Release|Any CPU
		{E5034326-A82C-4B53-85EF-6129E6CF7372}.Debug|Any CPU.ActiveCfg = Debug|Any CPU
		{E5034326-A82C-4B53-85EF-6129E6CF7372}.Debug|Any CPU.Build.0 = Debug|Any CPU
		{E5034326-A82C-4B53-85EF-6129E6CF7372}.Release|Any CPU.ActiveCfg = Release|Any CPU
		{E5034326-A82C-4B53-85EF-6129E6CF7372}.Release|Any CPU.Build.0 = Release|Any CPU
	EndGlobalSection
	GlobalSection(SolutionProperties) = preSolution
		HideSolutionNode = FALSE
	EndGlobalSection
	GlobalSection(ExtensibilityGlobals) = postSolution
		SolutionGuid = {D3767D65-A01B-4485-AFDD-3D6E4A97B913}
	EndGlobalSection
EndGlobal
